
Microsoft Visual Studio Solution File, Format Version 12.00
# Visual Studio Version 17
VisualStudioVersion = 17.8.34601.278
MinimumVisualStudioVersion = 10.0.40219.1
Project("{9A19103F-16F7-4668-BE54-9A1E7A4F7556}") = "pdpditxx", "pdpditxx\pdpditxx.csproj", "{25054021-DB0E-49BF-AA62-F71DE16B4164}"
EndProject
Global
	GlobalSection(SolutionConfigurationPlatforms) = preSolution
		Debug|Any CPU = Debug|Any CPU
		Release|Any CPU = Release|Any CPU
	EndGlobalSection
	GlobalSection(ProjectConfigurationPlatforms) = postSolution
		{596FCA7D-68EA-4C09-8B95-F466B44BCEEC}.Debug|Any CPU.ActiveCfg = Debug|Any CPU
		{596FCA7D-68EA-4C09-8B95-F466B44BCEEC}.Debug|Any CPU.Build.0 = Debug|Any CPU
		{596FCA7D-68EA-4C09-8B95-F466B44BCEEC}.Release|Any CPU.ActiveCfg = Release|Any CPU
		{596FCA7D-68EA-4C09-8B95-F466B44BCEEC}.Release|Any CPU.Build.0 = Release|Any CPU
	EndGlobalSection
	GlobalSection(SolutionProperties) = preSolution
		HideSolutionNode = FALSE
	EndGlobalSection
	GlobalSection(ExtensibilityGlobals) = postSolution
		SolutionGuid = {6DC33371-0723-4113-B699-57D2D9B720DD}
	EndGlobalSection
EndGlobal
